
Microsoft Visual Studio Solution File, Format Version 12.00
# Visual Studio Version 16
VisualStudioVersion = 16.0.30804.86
MinimumVisualStudioVersion = 10.0.40219.1
Project("{FAE04EC0-301F-11D3-BF4B-00C04F79EFBC}") = "uri1061", "uri1061\uri1061.csproj", "{FB9ACCB5-B7BD-461E-82DB-942D383BFEA5}"
EndProject
Global
	GlobalSection(SolutionConfigurationPlatforms) = preSolution
		Debug|Any CPU = Debug|Any CPU
		Release|Any CPU = Release|Any CPU
	EndGlobalSection
	GlobalSection(ProjectConfigurationPlatforms) = postSolution
		{FB9ACCB5-B7BD-461E-82DB-942D383BFEA5}.Debug|Any CPU.ActiveCfg = Debug|Any CPU
		{FB9ACCB5-B7BD-461E-82DB-942D383BFEA5}.Debug|Any CPU.Build.0 = Debug|Any CPU
		{FB9ACCB5-B7BD-461E-82DB-942D383BFEA5}.Release|Any CPU.ActiveCfg = Release|Any CPU
		{FB9ACCB5-B7BD-461E-82DB-942D383BFEA5}.Release|Any CPU.Build.0 = Release|Any CPU
	EndGlobalSection
	GlobalSection(SolutionProperties) = preSolution
		HideSolutionNode = FALSE
	EndGlobalSection
	GlobalSection(ExtensibilityGlobals) = postSolution
		SolutionGuid = {52D3779F-C056-4850-A30E-2C48B515388C}
	EndGlobalSection
EndGlobal
