
Microsoft Visual Studio Solution File, Format Version 12.00
# Visual Studio Version 16
VisualStudioVersion = 16.0.30804.86
MinimumVisualStudioVersion = 10.0.40219.1
Project("{FAE04EC0-301F-11D3-BF4B-00C04F79EFBC}") = "uri1042", "uri1042\uri1042.csproj", "{EA9332EA-EE15-4341-BF22-4134D1A6AB79}"
EndProject
Global
	GlobalSection(SolutionConfigurationPlatforms) = preSolution
		Debug|Any CPU = Debug|Any CPU
		Release|Any CPU = Release|Any CPU
	EndGlobalSection
	GlobalSection(ProjectConfigurationPlatforms) = postSolution
		{EA9332EA-EE15-4341-BF22-4134D1A6AB79}.Debug|Any CPU.ActiveCfg = Debug|Any CPU
		{EA9332EA-EE15-4341-BF22-4134D1A6AB79}.Debug|Any CPU.Build.0 = Debug|Any CPU
		{EA9332EA-EE15-4341-BF22-4134D1A6AB79}.Release|Any CPU.ActiveCfg = Release|Any CPU
		{EA9332EA-EE15-4341-BF22-4134D1A6AB79}.Release|Any CPU.Build.0 = Release|Any CPU
	EndGlobalSection
	GlobalSection(SolutionProperties) = preSolution
		HideSolutionNode = FALSE
	EndGlobalSection
	GlobalSection(ExtensibilityGlobals) = postSolution
		SolutionGuid = {7AC625E3-AA5C-4060-B3F9-2B49898E5837}
	EndGlobalSection
EndGlobal
