
Microsoft Visual Studio Solution File, Format Version 12.00
# Visual Studio Version 16
VisualStudioVersion = 16.0.30804.86
MinimumVisualStudioVersion = 10.0.40219.1
Project("{FAE04EC0-301F-11D3-BF4B-00C04F79EFBC}") = "uri1049", "uri1049\uri1049.csproj", "{28CFB572-5500-4A74-AC70-63DEB2F1EDD9}"
EndProject
Global
	GlobalSection(SolutionConfigurationPlatforms) = preSolution
		Debug|Any CPU = Debug|Any CPU
		Release|Any CPU = Release|Any CPU
	EndGlobalSection
	GlobalSection(ProjectConfigurationPlatforms) = postSolution
		{28CFB572-5500-4A74-AC70-63DEB2F1EDD9}.Debug|Any CPU.ActiveCfg = Debug|Any CPU
		{28CFB572-5500-4A74-AC70-63DEB2F1EDD9}.Debug|Any CPU.Build.0 = Debug|Any CPU
		{28CFB572-5500-4A74-AC70-63DEB2F1EDD9}.Release|Any CPU.ActiveCfg = Release|Any CPU
		{28CFB572-5500-4A74-AC70-63DEB2F1EDD9}.Release|Any CPU.Build.0 = Release|Any CPU
	EndGlobalSection
	GlobalSection(SolutionProperties) = preSolution
		HideSolutionNode = FALSE
	EndGlobalSection
	GlobalSection(ExtensibilityGlobals) = postSolution
		SolutionGuid = {FF756D12-237F-419D-8208-D9059330C341}
	EndGlobalSection
EndGlobal
