
Microsoft Visual Studio Solution File, Format Version 12.00
# Visual Studio Version 16
VisualStudioVersion = 16.0.30804.86
MinimumVisualStudioVersion = 10.0.40219.1
Project("{FAE04EC0-301F-11D3-BF4B-00C04F79EFBC}") = "uri1070", "uri1070\uri1070.csproj", "{3B0F1BF0-6823-4DD5-8ED1-77BDCDBA6771}"
EndProject
Global
	GlobalSection(SolutionConfigurationPlatforms) = preSolution
		Debug|Any CPU = Debug|Any CPU
		Release|Any CPU = Release|Any CPU
	EndGlobalSection
	GlobalSection(ProjectConfigurationPlatforms) = postSolution
		{3B0F1BF0-6823-4DD5-8ED1-77BDCDBA6771}.Debug|Any CPU.ActiveCfg = Debug|Any CPU
		{3B0F1BF0-6823-4DD5-8ED1-77BDCDBA6771}.Debug|Any CPU.Build.0 = Debug|Any CPU
		{3B0F1BF0-6823-4DD5-8ED1-77BDCDBA6771}.Release|Any CPU.ActiveCfg = Release|Any CPU
		{3B0F1BF0-6823-4DD5-8ED1-77BDCDBA6771}.Release|Any CPU.Build.0 = Release|Any CPU
	EndGlobalSection
	GlobalSection(SolutionProperties) = preSolution
		HideSolutionNode = FALSE
	EndGlobalSection
	GlobalSection(ExtensibilityGlobals) = postSolution
		SolutionGuid = {48C0EB4E-ACED-4E1B-AD3D-4E429AC57AD6}
	EndGlobalSection
EndGlobal
