
Microsoft Visual Studio Solution File, Format Version 12.00
# Visual Studio Version 16
VisualStudioVersion = 16.0.30804.86
MinimumVisualStudioVersion = 10.0.40219.1
Project("{FAE04EC0-301F-11D3-BF4B-00C04F79EFBC}") = "Uri1165", "Uri1165\Uri1165.csproj", "{D895F460-ECD1-4918-9A1C-518F898F1EC0}"
EndProject
Global
	GlobalSection(SolutionConfigurationPlatforms) = preSolution
		Debug|Any CPU = Debug|Any CPU
		Release|Any CPU = Release|Any CPU
	EndGlobalSection
	GlobalSection(ProjectConfigurationPlatforms) = postSolution
		{D895F460-ECD1-4918-9A1C-518F898F1EC0}.Debug|Any CPU.ActiveCfg = Debug|Any CPU
		{D895F460-ECD1-4918-9A1C-518F898F1EC0}.Debug|Any CPU.Build.0 = Debug|Any CPU
		{D895F460-ECD1-4918-9A1C-518F898F1EC0}.Release|Any CPU.ActiveCfg = Release|Any CPU
		{D895F460-ECD1-4918-9A1C-518F898F1EC0}.Release|Any CPU.Build.0 = Release|Any CPU
	EndGlobalSection
	GlobalSection(SolutionProperties) = preSolution
		HideSolutionNode = FALSE
	EndGlobalSection
	GlobalSection(ExtensibilityGlobals) = postSolution
		SolutionGuid = {C5D63AFF-FE3A-46AD-9282-073208350236}
	EndGlobalSection
EndGlobal
