
Microsoft Visual Studio Solution File, Format Version 12.00
# Visual Studio Version 16
VisualStudioVersion = 16.0.30804.86
MinimumVisualStudioVersion = 10.0.40219.1
Project("{FAE04EC0-301F-11D3-BF4B-00C04F79EFBC}") = "uri1150", "uri1150\uri1150.csproj", "{516CA184-282C-484E-B5B0-25F93DDA9CD8}"
EndProject
Global
	GlobalSection(SolutionConfigurationPlatforms) = preSolution
		Debug|Any CPU = Debug|Any CPU
		Release|Any CPU = Release|Any CPU
	EndGlobalSection
	GlobalSection(ProjectConfigurationPlatforms) = postSolution
		{516CA184-282C-484E-B5B0-25F93DDA9CD8}.Debug|Any CPU.ActiveCfg = Debug|Any CPU
		{516CA184-282C-484E-B5B0-25F93DDA9CD8}.Debug|Any CPU.Build.0 = Debug|Any CPU
		{516CA184-282C-484E-B5B0-25F93DDA9CD8}.Release|Any CPU.ActiveCfg = Release|Any CPU
		{516CA184-282C-484E-B5B0-25F93DDA9CD8}.Release|Any CPU.Build.0 = Release|Any CPU
	EndGlobalSection
	GlobalSection(SolutionProperties) = preSolution
		HideSolutionNode = FALSE
	EndGlobalSection
	GlobalSection(ExtensibilityGlobals) = postSolution
		SolutionGuid = {E53D4A2D-2F50-4A33-95B4-46FE52CFFD0E}
	EndGlobalSection
EndGlobal
