
Microsoft Visual Studio Solution File, Format Version 12.00
# Visual Studio Version 16
VisualStudioVersion = 16.0.30804.86
MinimumVisualStudioVersion = 10.0.40219.1
Project("{FAE04EC0-301F-11D3-BF4B-00C04F79EFBC}") = "uri1003", "uri1003\uri1003.csproj", "{9FCE7F3E-CC7A-4429-B06D-566996DF3536}"
EndProject
Global
	GlobalSection(SolutionConfigurationPlatforms) = preSolution
		Debug|Any CPU = Debug|Any CPU
		Release|Any CPU = Release|Any CPU
	EndGlobalSection
	GlobalSection(ProjectConfigurationPlatforms) = postSolution
		{9FCE7F3E-CC7A-4429-B06D-566996DF3536}.Debug|Any CPU.ActiveCfg = Debug|Any CPU
		{9FCE7F3E-CC7A-4429-B06D-566996DF3536}.Debug|Any CPU.Build.0 = Debug|Any CPU
		{9FCE7F3E-CC7A-4429-B06D-566996DF3536}.Release|Any CPU.ActiveCfg = Release|Any CPU
		{9FCE7F3E-CC7A-4429-B06D-566996DF3536}.Release|Any CPU.Build.0 = Release|Any CPU
	EndGlobalSection
	GlobalSection(SolutionProperties) = preSolution
		HideSolutionNode = FALSE
	EndGlobalSection
	GlobalSection(ExtensibilityGlobals) = postSolution
		SolutionGuid = {AEC02F9F-A65C-4B00-B7FD-215532593039}
	EndGlobalSection
EndGlobal
