
Microsoft Visual Studio Solution File, Format Version 12.00
# Visual Studio Version 16
VisualStudioVersion = 16.0.30804.86
MinimumVisualStudioVersion = 10.0.40219.1
Project("{FAE04EC0-301F-11D3-BF4B-00C04F79EFBC}") = "uri1114", "uri1114\uri1114.csproj", "{F0C98B6E-9C5E-40A5-BD7F-F221EF54819C}"
EndProject
Global
	GlobalSection(SolutionConfigurationPlatforms) = preSolution
		Debug|Any CPU = Debug|Any CPU
		Release|Any CPU = Release|Any CPU
	EndGlobalSection
	GlobalSection(ProjectConfigurationPlatforms) = postSolution
		{F0C98B6E-9C5E-40A5-BD7F-F221EF54819C}.Debug|Any CPU.ActiveCfg = Debug|Any CPU
		{F0C98B6E-9C5E-40A5-BD7F-F221EF54819C}.Debug|Any CPU.Build.0 = Debug|Any CPU
		{F0C98B6E-9C5E-40A5-BD7F-F221EF54819C}.Release|Any CPU.ActiveCfg = Release|Any CPU
		{F0C98B6E-9C5E-40A5-BD7F-F221EF54819C}.Release|Any CPU.Build.0 = Release|Any CPU
	EndGlobalSection
	GlobalSection(SolutionProperties) = preSolution
		HideSolutionNode = FALSE
	EndGlobalSection
	GlobalSection(ExtensibilityGlobals) = postSolution
		SolutionGuid = {5BF11B38-E933-4F7A-A5FF-A90B6FCD2FDA}
	EndGlobalSection
EndGlobal
