
Microsoft Visual Studio Solution File, Format Version 12.00
# Visual Studio Version 16
VisualStudioVersion = 16.0.30804.86
MinimumVisualStudioVersion = 10.0.40219.1
Project("{FAE04EC0-301F-11D3-BF4B-00C04F79EFBC}") = "uri1099", "uri1099\uri1099.csproj", "{AD6AD0B2-0823-4504-9281-2A3990F34A02}"
EndProject
Global
	GlobalSection(SolutionConfigurationPlatforms) = preSolution
		Debug|Any CPU = Debug|Any CPU
		Release|Any CPU = Release|Any CPU
	EndGlobalSection
	GlobalSection(ProjectConfigurationPlatforms) = postSolution
		{AD6AD0B2-0823-4504-9281-2A3990F34A02}.Debug|Any CPU.ActiveCfg = Debug|Any CPU
		{AD6AD0B2-0823-4504-9281-2A3990F34A02}.Debug|Any CPU.Build.0 = Debug|Any CPU
		{AD6AD0B2-0823-4504-9281-2A3990F34A02}.Release|Any CPU.ActiveCfg = Release|Any CPU
		{AD6AD0B2-0823-4504-9281-2A3990F34A02}.Release|Any CPU.Build.0 = Release|Any CPU
	EndGlobalSection
	GlobalSection(SolutionProperties) = preSolution
		HideSolutionNode = FALSE
	EndGlobalSection
	GlobalSection(ExtensibilityGlobals) = postSolution
		SolutionGuid = {23F4DFB5-E87C-49F7-A586-9BA4101D026B}
	EndGlobalSection
EndGlobal
