
Microsoft Visual Studio Solution File, Format Version 12.00
# Visual Studio Version 16
VisualStudioVersion = 16.0.30804.86
MinimumVisualStudioVersion = 10.0.40219.1
Project("{FAE04EC0-301F-11D3-BF4B-00C04F79EFBC}") = "URI1155", "URI1155\URI1155.csproj", "{BC0C4912-22FB-4B5E-A754-68708941327F}"
EndProject
Global
	GlobalSection(SolutionConfigurationPlatforms) = preSolution
		Debug|Any CPU = Debug|Any CPU
		Release|Any CPU = Release|Any CPU
	EndGlobalSection
	GlobalSection(ProjectConfigurationPlatforms) = postSolution
		{BC0C4912-22FB-4B5E-A754-68708941327F}.Debug|Any CPU.ActiveCfg = Debug|Any CPU
		{BC0C4912-22FB-4B5E-A754-68708941327F}.Debug|Any CPU.Build.0 = Debug|Any CPU
		{BC0C4912-22FB-4B5E-A754-68708941327F}.Release|Any CPU.ActiveCfg = Release|Any CPU
		{BC0C4912-22FB-4B5E-A754-68708941327F}.Release|Any CPU.Build.0 = Release|Any CPU
	EndGlobalSection
	GlobalSection(SolutionProperties) = preSolution
		HideSolutionNode = FALSE
	EndGlobalSection
	GlobalSection(ExtensibilityGlobals) = postSolution
		SolutionGuid = {111633BF-D630-4D6A-9C47-0EB7DB6928F9}
	EndGlobalSection
EndGlobal
