
Microsoft Visual Studio Solution File, Format Version 12.00
# Visual Studio Version 16
VisualStudioVersion = 16.0.30804.86
MinimumVisualStudioVersion = 10.0.40219.1
Project("{FAE04EC0-301F-11D3-BF4B-00C04F79EFBC}") = "Uri1151", "Uri1151\Uri1151.csproj", "{20635DF5-5BCE-4152-98C9-BD1A985FEDFB}"
EndProject
Global
	GlobalSection(SolutionConfigurationPlatforms) = preSolution
		Debug|Any CPU = Debug|Any CPU
		Release|Any CPU = Release|Any CPU
	EndGlobalSection
	GlobalSection(ProjectConfigurationPlatforms) = postSolution
		{20635DF5-5BCE-4152-98C9-BD1A985FEDFB}.Debug|Any CPU.ActiveCfg = Debug|Any CPU
		{20635DF5-5BCE-4152-98C9-BD1A985FEDFB}.Debug|Any CPU.Build.0 = Debug|Any CPU
		{20635DF5-5BCE-4152-98C9-BD1A985FEDFB}.Release|Any CPU.ActiveCfg = Release|Any CPU
		{20635DF5-5BCE-4152-98C9-BD1A985FEDFB}.Release|Any CPU.Build.0 = Release|Any CPU
	EndGlobalSection
	GlobalSection(SolutionProperties) = preSolution
		HideSolutionNode = FALSE
	EndGlobalSection
	GlobalSection(ExtensibilityGlobals) = postSolution
		SolutionGuid = {9C4979F5-DC80-4017-B520-5609A239F1B2}
	EndGlobalSection
EndGlobal
