
Microsoft Visual Studio Solution File, Format Version 12.00
# Visual Studio Version 16
VisualStudioVersion = 16.0.30804.86
MinimumVisualStudioVersion = 10.0.40219.1
Project("{FAE04EC0-301F-11D3-BF4B-00C04F79EFBC}") = "uri1080", "uri1080\uri1080.csproj", "{B89DC94F-458D-4746-B74B-494903B01BEF}"
EndProject
Global
	GlobalSection(SolutionConfigurationPlatforms) = preSolution
		Debug|Any CPU = Debug|Any CPU
		Release|Any CPU = Release|Any CPU
	EndGlobalSection
	GlobalSection(ProjectConfigurationPlatforms) = postSolution
		{B89DC94F-458D-4746-B74B-494903B01BEF}.Debug|Any CPU.ActiveCfg = Debug|Any CPU
		{B89DC94F-458D-4746-B74B-494903B01BEF}.Debug|Any CPU.Build.0 = Debug|Any CPU
		{B89DC94F-458D-4746-B74B-494903B01BEF}.Release|Any CPU.ActiveCfg = Release|Any CPU
		{B89DC94F-458D-4746-B74B-494903B01BEF}.Release|Any CPU.Build.0 = Release|Any CPU
	EndGlobalSection
	GlobalSection(SolutionProperties) = preSolution
		HideSolutionNode = FALSE
	EndGlobalSection
	GlobalSection(ExtensibilityGlobals) = postSolution
		SolutionGuid = {03E61426-3507-4C1C-BD4E-710CBE642A5A}
	EndGlobalSection
EndGlobal
