
Microsoft Visual Studio Solution File, Format Version 12.00
# Visual Studio Version 16
VisualStudioVersion = 16.0.30804.86
MinimumVisualStudioVersion = 10.0.40219.1
Project("{FAE04EC0-301F-11D3-BF4B-00C04F79EFBC}") = "Uri1159", "Uri1159\Uri1159.csproj", "{926FA02A-715A-4AD4-94B2-65D03F2BFB2D}"
EndProject
Global
	GlobalSection(SolutionConfigurationPlatforms) = preSolution
		Debug|Any CPU = Debug|Any CPU
		Release|Any CPU = Release|Any CPU
	EndGlobalSection
	GlobalSection(ProjectConfigurationPlatforms) = postSolution
		{926FA02A-715A-4AD4-94B2-65D03F2BFB2D}.Debug|Any CPU.ActiveCfg = Debug|Any CPU
		{926FA02A-715A-4AD4-94B2-65D03F2BFB2D}.Debug|Any CPU.Build.0 = Debug|Any CPU
		{926FA02A-715A-4AD4-94B2-65D03F2BFB2D}.Release|Any CPU.ActiveCfg = Release|Any CPU
		{926FA02A-715A-4AD4-94B2-65D03F2BFB2D}.Release|Any CPU.Build.0 = Release|Any CPU
	EndGlobalSection
	GlobalSection(SolutionProperties) = preSolution
		HideSolutionNode = FALSE
	EndGlobalSection
	GlobalSection(ExtensibilityGlobals) = postSolution
		SolutionGuid = {60DD3770-D75E-4FBD-8989-1ED2B364AE41}
	EndGlobalSection
EndGlobal
